// !$*UTF8*$!
{
	archiveVersion = 1;
	classes = {
	};
	objectVersion = 55;
	objects = {

/* Begin PBXBuildFile section */
		D34BAA2727CF68D90027691B /* AppDelegate.swift in Sources */ = {isa = PBXBuildFile; fileRef = D34BAA2627CF68D90027691B /* AppDelegate.swift */; };
		D34BAA2927CF68D90027691B /* SceneDelegate.swift in Sources */ = {isa = PBXBuildFile; fileRef = D34BAA2827CF68D90027691B /* SceneDelegate.swift */; };
		D34BAA2B27CF68D90027691B /* ViewController.swift in Sources */ = {isa = PBXBuildFile; fileRef = D34BAA2A27CF68D90027691B /* ViewController.swift */; };
		D34BAA2E27CF68D90027691B /* Main.storyboard in Resources */ = {isa = PBXBuildFile; fileRef = D34BAA2C27CF68D90027691B /* Main.storyboard */; };
		D34BAA3027CF68DA0027691B /* Assets.xcassets in Resources */ = {isa = PBXBuildFile; fileRef = D34BAA2F27CF68DA0027691B /* Assets.xcassets */; };
		D34BAA3327CF68DA0027691B /* LaunchScreen.storyboard in Resources */ = {isa = PBXBuildFile; fileRef = D34BAA3127CF68DA0027691B /* LaunchScreen.storyboard */; };
		D34BAA3B27CF6AF60027691B /* OpenBookAnimation.swift in Sources */ = {isa = PBXBuildFile; fileRef = D34BAA3A27CF6AF60027691B /* OpenBookAnimation.swift */; };
		D34BAA3D27CF72650027691B /* MoreViewController.swift in Sources */ = {isa = PBXBuildFile; fileRef = D34BAA3C27CF72650027691B /* MoreViewController.swift */; };
		D34BAA3F27D0A85D0027691B /* BookOpenAnimationObject.swift in Sources */ = {isa = PBXBuildFile; fileRef = D34BAA3E27D0A85D0027691B /* BookOpenAnimationObject.swift */; };
/* End PBXBuildFile section */

/* Begin PBXFileReference section */
		D34BAA2327CF68D90027691B /* OpenBook.app */ = {isa = PBXFileReference; explicitFileType = wrapper.application; includeInIndex = 0; path = OpenBook.app; sourceTree = BUILT_PRODUCTS_DIR; };
		D34BAA2627CF68D90027691B /* AppDelegate.swift */ = {isa = PBXFileReference; lastKnownFileType = sourcecode.swift; path = AppDelegate.swift; sourceTree = "<group>"; };
		D34BAA2827CF68D90027691B /* SceneDelegate.swift */ = {isa = PBXFileReference; lastKnownFileType = sourcecode.swift; path = SceneDelegate.swift; sourceTree = "<group>"; };
		D34BAA2A27CF68D90027691B /* ViewController.swift */ = {isa = PBXFileReference; lastKnownFileType = sourcecode.swift; path = ViewController.swift; sourceTree = "<group>"; };
		D34BAA2D27CF68D90027691B /* Base */ = {isa = PBXFileReference; lastKnownFileType = file.storyboard; name = Base; path = Base.lproj/Main.storyboard; sourceTree = "<group>"; };
		D34BAA2F27CF68DA0027691B /* Assets.xcassets */ = {isa = PBXFileReference; lastKnownFileType = folder.assetcatalog; path = Assets.xcassets; sourceTree = "<group>"; };
		D34BAA3227CF68DA0027691B /* Base */ = {isa = PBXFileReference; lastKnownFileType = file.storyboard; name = Base; path = Base.lproj/LaunchScreen.storyboard; sourceTree = "<group>"; };
		D34BAA3427CF68DA0027691B /* Info.plist */ = {isa = PBXFileReference; lastKnownFileType = text.plist.xml; path = Info.plist; sourceTree = "<group>"; };
		D34BAA3A27CF6AF60027691B /* OpenBookAnimation.swift */ = {isa = PBXFileReference; lastKnownFileType = sourcecode.swift; path = OpenBookAnimation.swift; sourceTree = "<group>"; };
		D34BAA3C27CF72650027691B /* MoreViewController.swift */ = {isa = PBXFileReference; lastKnownFileType = sourcecode.swift; path = MoreViewController.swift; sourceTree = "<group>"; };
		D34BAA3E27D0A85D0027691B /* BookOpenAnimationObject.swift */ = {isa = PBXFileReference; lastKnownFileType = sourcecode.swift; path = BookOpenAnimationObject.swift; sourceTree = "<group>"; };
/* End PBXFileReference section */

/* Begin PBXFrameworksBuildPhase section */
		D34BAA2027CF68D90027691B /* Frameworks */ = {
			isa = PBXFrameworksBuildPhase;
			buildActionMask = 2147483647;
			files = (
			);
			runOnlyForDeploymentPostprocessing = 0;
		};
/* End PBXFrameworksBuildPhase section */

/* Begin PBXGroup section */
		D34BAA1A27CF68D90027691B = {
			isa = PBXGroup;
			children = (
				D34BAA2527CF68D90027691B /* OpenBook */,
				D34BAA2427CF68D90027691B /* Products */,
			);
			sourceTree = "<group>";
		};
		D34BAA2427CF68D90027691B /* Products */ = {
			isa = PBXGroup;
			children = (
				D34BAA2327CF68D90027691B /* OpenBook.app */,
			);
			name = Products;
			sourceTree = "<group>";
		};
		D34BAA2527CF68D90027691B /* OpenBook */ = {
			isa = PBXGroup;
			children = (
				D34BAA2627CF68D90027691B /* AppDelegate.swift */,
				D34BAA2827CF68D90027691B /* SceneDelegate.swift */,
				D34BAA3A27CF6AF60027691B /* OpenBookAnimation.swift */,
				D34BAA3E27D0A85D0027691B /* BookOpenAnimationObject.swift */,
				D34BAA2A27CF68D90027691B /* ViewController.swift */,
				D34BAA3C27CF72650027691B /* MoreViewController.swift */,
				D34BAA2C27CF68D90027691B /* Main.storyboard */,
				D34BAA2F27CF68DA0027691B /* Assets.xcassets */,
				D34BAA3127CF68DA0027691B /* LaunchScreen.storyboard */,
				D34BAA3427CF68DA0027691B /* Info.plist */,
			);
			path = OpenBook;
			sourceTree = "<group>";
		};
/* End PBXGroup section */

/* Begin PBXNativeTarget section */
		D34BAA2227CF68D90027691B /* OpenBook */ = {
			isa = PBXNativeTarget;
			buildConfigurationList = D34BAA3727CF68DA0027691B /* Build configuration list for PBXNativeTarget "OpenBook" */;
			buildPhases = (
				D34BAA1F27CF68D90027691B /* Sources */,
				D34BAA2027CF68D90027691B /* Frameworks */,
				D34BAA2127CF68D90027691B /* Resources */,
			);
			buildRules = (
			);
			dependencies = (
			);
			name = OpenBook;
			productName = OpenBook;
			productReference = D34BAA2327CF68D90027691B /* OpenBook.app */;
			productType = "com.apple.product-type.application";
		};
/* End PBXNativeTarget section */

/* Begin PBXProject section */
		D34BAA1B27CF68D90027691B /* Project object */ = {
			isa = PBXProject;
			attributes = {
				BuildIndependentTargetsInParallel = 1;
				LastSwiftUpdateCheck = 1320;
				LastUpgradeCheck = 1320;
				TargetAttributes = {
					D34BAA2227CF68D90027691B = {
						CreatedOnToolsVersion = 13.2.1;
					};
				};
			};
			buildConfigurationList = D34BAA1E27CF68D90027691B /* Build configuration list for PBXProject "OpenBook" */;
			compatibilityVersion = "Xcode 13.0";
			developmentRegion = en;
			hasScannedForEncodings = 0;
			knownRegions = (
				en,
				Base,
			);
			mainGroup = D34BAA1A27CF68D90027691B;
			packageReferences = (
				D3866730283E152500E207DF /* XCRemoteSwiftPackageReference "facebook-ios-sdk" */,
			);
			productRefGroup = D34BAA2427CF68D90027691B /* Products */;
			projectDirPath = "";
			projectRoot = "";
			targets = (
				D34BAA2227CF68D90027691B /* OpenBook */,
			);
		};
/* End PBXProject section */

/* Begin PBXResourcesBuildPhase section */
		D34BAA2127CF68D90027691B /* Resources */ = {
			isa = PBXResourcesBuildPhase;
			buildActionMask = 2147483647;
			files = (
				D34BAA3327CF68DA0027691B /* LaunchScreen.storyboard in Resources */,
				D34BAA3027CF68DA0027691B /* Assets.xcassets in Resources */,
				D34BAA2E27CF68D90027691B /* Main.storyboard in Resources */,
			);
			runOnlyForDeploymentPostprocessing = 0;
		};
/* End PBXResourcesBuildPhase section */

/* Begin PBXSourcesBuildPhase section */
		D34BAA1F27CF68D90027691B /* Sources */ = {
			isa = PBXSourcesBuildPhase;
			buildActionMask = 2147483647;
			files = (
				D34BAA3F27D0A85D0027691B /* BookOpenAnimationObject.swift in Sources */,
				D34BAA3D27CF72650027691B /* MoreViewController.swift in Sources */,
				D34BAA2B27CF68D90027691B /* ViewController.swift in Sources */,
				D34BAA2727CF68D90027691B /* AppDelegate.swift in Sources */,
				D34BAA2927CF68D90027691B /* SceneDelegate.swift in Sources */,
				D34BAA3B27CF6AF60027691B /* OpenBookAnimation.swift in Sources */,
			);
			runOnlyForDeploymentPostprocessing = 0;
		};
/* End PBXSourcesBuildPhase section */

/* Begin PBXVariantGroup section */
		D34BAA2C27CF68D90027691B /* Main.storyboard */ = {
			isa = PBXVariantGroup;
			children = (
				D34BAA2D27CF68D90027691B /* Base */,
			);
			name = Main.storyboard;
			sourceTree = "<group>";
		};
		D34BAA3127CF68DA0027691B /* LaunchScreen.storyboard */ = {
			isa = PBXVariantGroup;
			children = (
				D34BAA3227CF68DA0027691B /* Base */,
			);
			name = LaunchScreen.storyboard;
			sourceTree = "<group>";
		};
/* End PBXVariantGroup section */

/* Begin XCBuildConfiguration section */
		D34BAA3527CF68DA0027691B /* Debug */ = {
			isa = XCBuildConfiguration;
			buildSettings = {
				ALWAYS_SEARCH_USER_PATHS = NO;
				CLANG_ANALYZER_NONNULL = YES;
				CLANG_ANALYZER_NUMBER_OBJECT_CONVERSION = YES_AGGRESSIVE;
				CLANG_CXX_LANGUAGE_STANDARD = "gnu++17";
				CLANG_CXX_LIBRARY = "libc++";
				CLANG_ENABLE_MODULES = YES;
				CLANG_ENABLE_OBJC_ARC = YES;
				CLANG_ENABLE_OBJC_WEAK = YES;
				CLANG_WARN_BLOCK_CAPTURE_AUTORELEASING = YES;
				CLANG_WARN_BOOL_CONVERSION = YES;
				CLANG_WARN_COMMA = YES;
				CLANG_WARN_CONSTANT_CONVERSION = YES;
				CLANG_WARN_DEPRECATED_OBJC_IMPLEMENTATIONS = YES;
				CLANG_WARN_DIRECT_OBJC_ISA_USAGE = YES_ERROR;
				CLANG_WARN_DOCUMENTATION_COMMENTS = YES;
				CLANG_WARN_EMPTY_BODY = YES;
				CLANG_WARN_ENUM_CONVERSION = YES;
				CLANG_WARN_INFINITE_RECURSION = YES;
				CLANG_WARN_INT_CONVERSION = YES;
				CLANG_WARN_NON_LITERAL_NULL_CONVERSION = YES;
				CLANG_WARN_OBJC_IMPLICIT_RETAIN_SELF = YES;
				CLANG_WARN_OBJC_LITERAL_CONVERSION = YES;
				CLANG_WARN_OBJC_ROOT_CLASS = YES_ERROR;
				CLANG_WARN_QUOTED_INCLUDE_IN_FRAMEWORK_HEADER = YES;
				CLANG_WARN_RANGE_LOOP_ANALYSIS = YES;
				CLANG_WARN_STRICT_PROTOTYPES = YES;
				CLANG_WARN_SUSPICIOUS_MOVE = YES;
				CLANG_WARN_UNGUARDED_AVAILABILITY = YES_AGGRESSIVE;
				CLANG_WARN_UNREACHABLE_CODE = YES;
				CLANG_WARN__DUPLICATE_METHOD_MATCH = YES;
				COPY_PHASE_STRIP = NO;
				DEBUG_INFORMATION_FORMAT = dwarf;
				ENABLE_STRICT_OBJC_MSGSEND = YES;
				ENABLE_TESTABILITY = YES;
				GCC_C_LANGUAGE_STANDARD = gnu11;
				GCC_DYNAMIC_NO_PIC = NO;
				GCC_NO_COMMON_BLOCKS = YES;
				GCC_OPTIMIZATION_LEVEL = 0;
				GCC_PREPROCESSOR_DEFINITIONS = (
					"DEBUG=1",
					"$(inherited)",
				);
				GCC_WARN_64_TO_32_BIT_CONVERSION = YES;
				GCC_WARN_ABOUT_RETURN_TYPE = YES_ERROR;
				GCC_WARN_UNDECLARED_SELECTOR = YES;
				GCC_WARN_UNINITIALIZED_AUTOS = YES_AGGRESSIVE;
				GCC_WARN_UNUSED_FUNCTION = YES;
				GCC_WARN_UNUSED_VARIABLE = YES;
				IPHONEOS_DEPLOYMENT_TARGET = 15.2;
				MTL_ENABLE_DEBUG_INFO = INCLUDE_SOURCE;
				MTL_FAST_MATH = YES;
				ONLY_ACTIVE_ARCH = YES;
				SDKROOT = iphoneos;
				SWIFT_ACTIVE_COMPILATION_CONDITIONS = DEBUG;
				SWIFT_OPTIMIZATION_LEVEL = "-Onone";
			};
			name = Debug;
		};
		D34BAA3627CF68DA0027691B /* Release */ = {
			isa = XCBuildConfiguration;
			buildSettings = {
				ALWAYS_SEARCH_USER_PATHS = NO;
				CLANG_ANALYZER_NONNULL = YES;
				CLANG_ANALYZER_NUMBER_OBJECT_CONVERSION = YES_AGGRESSIVE;
				CLANG_CXX_LANGUAGE_STANDARD = "gnu++17";
				CLANG_CXX_LIBRARY = "libc++";
				CLANG_ENABLE_MODULES = YES;
				CLANG_ENABLE_OBJC_ARC = YES;
				CLANG_ENABLE_OBJC_WEAK = YES;
				CLANG_WARN_BLOCK_CAPTURE_AUTORELEASING = YES;
				CLANG_WARN_BOOL_CONVERSION = YES;
				CLANG_WARN_COMMA = YES;
				CLANG_WARN_CONSTANT_CONVERSION = YES;
				CLANG_WARN_DEPRECATED_OBJC_IMPLEMENTATIONS = YES;
				CLANG_WARN_DIRECT_OBJC_ISA_USAGE = YES_ERROR;
				CLANG_WARN_DOCUMENTATION_COMMENTS = YES;
				CLANG_WARN_EMPTY_BODY = YES;
				CLANG_WARN_ENUM_CONVERSION = YES;
				CLANG_WARN_INFINITE_RECURSION = YES;
				CLANG_WARN_INT_CONVERSION = YES;
				CLANG_WARN_NON_LITERAL_NULL_CONVERSION = YES;
				CLANG_WARN_OBJC_IMPLICIT_RETAIN_SELF = YES;
				CLANG_WARN_OBJC_LITERAL_CONVERSION = YES;
				CLANG_WARN_OBJC_ROOT_CLASS = YES_ERROR;
				CLANG_WARN_QUOTED_INCLUDE_IN_FRAMEWORK_HEADER = YES;
				CLANG_WARN_RANGE_LOOP_ANALYSIS = YES;
				CLANG_WARN_STRICT_PROTOTYPES = YES;
				CLANG_WARN_SUSPICIOUS_MOVE = YES;
				CLANG_WARN_UNGUARDED_AVAILABILITY = YES_AGGRESSIVE;
				CLANG_WARN_UNREACHABLE_CODE = YES;
				CLANG_WARN__DUPLICATE_METHOD_MATCH = YES;
				COPY_PHASE_STRIP = NO;
				DEBUG_INFORMATION_FORMAT = "dwarf-with-dsym";
				ENABLE_NS_ASSERTIONS = NO;
				ENABLE_STRICT_OBJC_MSGSEND = YES;
				GCC_C_LANGUAGE_STANDARD = gnu11;
				GCC_NO_COMMON_BLOCKS = YES;
				GCC_WARN_64_TO_32_BIT_CONVERSION = YES;
				GCC_WARN_ABOUT_RETURN_TYPE = YES_ERROR;
				GCC_WARN_UNDECLARED_SELECTOR = YES;
				GCC_WARN_UNINITIALIZED_AUTOS = YES_AGGRESSIVE;
				GCC_WARN_UNUSED_FUNCTION = YES;
				GCC_WARN_UNUSED_VARIABLE = YES;
				IPHONEOS_DEPLOYMENT_TARGET = 15.2;
				MTL_ENABLE_DEBUG_INFO = NO;
				MTL_FAST_MATH = YES;
				SDKROOT = iphoneos;
				SWIFT_COMPILATION_MODE = wholemodule;
				SWIFT_OPTIMIZATION_LEVEL = "-O";
				VALIDATE_PRODUCT = YES;
			};
			name = Release;
		};
		D34BAA3827CF68DA0027691B /* Debug */ = {
			isa = XCBuildConfiguration;
			buildSettings = {
				ASSETCATALOG_COMPILER_APPICON_NAME = AppIcon;
				ASSETCATALOG_COMPILER_GLOBAL_ACCENT_COLOR_NAME = AccentColor;
				CODE_SIGN_STYLE = Automatic;
				CURRENT_PROJECT_VERSION = 1;
				GENERATE_INFOPLIST_FILE = YES;
				INFOPLIST_FILE = OpenBook/Info.plist;
				INFOPLIST_KEY_UIApplicationSupportsIndirectInputEvents = YES;
				INFOPLIST_KEY_UILaunchStoryboardName = LaunchScreen;
				INFOPLIST_KEY_UIMainStoryboardFile = Main;
				INFOPLIST_KEY_UISupportedInterfaceOrientations_iPad = "UIInterfaceOrientationPortrait UIInterfaceOrientationPortraitUpsideDown UIInterfaceOrientationLandscapeLeft UIInterfaceOrientationLandscapeRight";
				INFOPLIST_KEY_UISupportedInterfaceOrientations_iPhone = "UIInterfaceOrientationPortrait UIInterfaceOrientationLandscapeLeft UIInterfaceOrientationLandscapeRight";
				LD_RUNPATH_SEARCH_PATHS = (
					"$(inherited)",
					"@executable_path/Frameworks",
				);
				MARKETING_VERSION = 1.0;
				PRODUCT_BUNDLE_IDENTIFIER = STL.OpenBook;
				PRODUCT_NAME = "$(TARGET_NAME)";
				SWIFT_EMIT_LOC_STRINGS = YES;
				SWIFT_VERSION = 5.0;
				TARGETED_DEVICE_FAMILY = "1,2";
			};
			name = Debug;
		};
		D34BAA3927CF68DA0027691B /* Release */ = {
			isa = XCBuildConfiguration;
			buildSettings = {
				ASSETCATALOG_COMPILER_APPICON_NAME = AppIcon;
				ASSETCATALOG_COMPILER_GLOBAL_ACCENT_COLOR_NAME = AccentColor;
				CODE_SIGN_STYLE = Automatic;
				CURRENT_PROJECT_VERSION = 1;
				GENERATE_INFOPLIST_FILE = YES;
				INFOPLIST_FILE = OpenBook/Info.plist;
				INFOPLIST_KEY_UIApplicationSupportsIndirectInputEvents = YES;
				INFOPLIST_KEY_UILaunchStoryboardName = LaunchScreen;
				INFOPLIST_KEY_UIMainStoryboardFile = Main;
				INFOPLIST_KEY_UISupportedInterfaceOrientations_iPad = "UIInterfaceOrientationPortrait UIInterfaceOrientationPortraitUpsideDown UIInterfaceOrientationLandscapeLeft UIInterfaceOrientationLandscapeRight";
				INFOPLIST_KEY_UISupportedInterfaceOrientations_iPhone = "UIInterfaceOrientationPortrait UIInterfaceOrientationLandscapeLeft UIInterfaceOrientationLandscapeRight";
				LD_RUNPATH_SEARCH_PATHS = (
					"$(inherited)",
					"@executable_path/Frameworks",
				);
				MARKETING_VERSION = 1.0;
				PRODUCT_BUNDLE_IDENTIFIER = STL.OpenBook;
				PRODUCT_NAME = "$(TARGET_NAME)";
				SWIFT_EMIT_LOC_STRINGS = YES;
				SWIFT_VERSION = 5.0;
				TARGETED_DEVICE_FAMILY = "1,2";
			};
			name = Release;
		};
/* End XCBuildConfiguration section */

/* Begin XCConfigurationList section */
		D34BAA1E27CF68D90027691B /* Build configuration list for PBXProject "OpenBook" */ = {
			isa = XCConfigurationList;
			buildConfigurations = (
				D34BAA3527CF68DA0027691B /* Debug */,
				D34BAA3627CF68DA0027691B /* Release */,
			);
			defaultConfigurationIsVisible = 0;
			defaultConfigurationName = Release;
		};
		D34BAA3727CF68DA0027691B /* Build configuration list for PBXNativeTarget "OpenBook" */ = {
			isa = XCConfigurationList;
			buildConfigurations = (
				D34BAA3827CF68DA0027691B /* Debug */,
				D34BAA3927CF68DA0027691B /* Release */,
			);
			defaultConfigurationIsVisible = 0;
			defaultConfigurationName = Release;
		};
/* End XCConfigurationList section */

/* Begin XCRemoteSwiftPackageReference section */
		D3866730283E152500E207DF /* XCRemoteSwiftPackageReference "facebook-ios-sdk" */ = {
			isa = XCRemoteSwiftPackageReference;
			repositoryURL = "https://github.com/facebook/facebook-ios-sdk";
			requirement = {
				kind = upToNextMajorVersion;
				minimumVersion = 4.0.0;
			};
		};
/* End XCRemoteSwiftPackageReference section */
	};
	rootObject = D34BAA1B27CF68D90027691B /* Project object */;
}
