// !$*UTF8*$!
{
	archiveVersion = 1;
	classes = {
	};
	objectVersion = 77;
	objects = {

/* Begin PBXContainerItemProxy section */
		D37987792F1F5CAB00DA4ACB /* PBXContainerItemProxy */ = {
			isa = PBXContainerItemProxy;
			containerPortal = D379875A2F1F5CAA00DA4ACB /* Project object */;
			proxyType = 1;
			remoteGlobalIDString = D37987612F1F5CAA00DA4ACB;
			remoteInfo = DiffableDataSource;
		};
		D37987832F1F5CAB00DA4ACB /* PBXContainerItemProxy */ = {
			isa = PBXContainerItemProxy;
			containerPortal = D379875A2F1F5CAA00DA4ACB /* Project object */;
			proxyType = 1;
			remoteGlobalIDString = D37987612F1F5CAA00DA4ACB;
			remoteInfo = DiffableDataSource;
		};
/* End PBXContainerItemProxy section */

/* Begin PBXFileReference section */
		D37987622F1F5CAA00DA4ACB /* DiffableDataSource.app */ = {isa = PBXFileReference; explicitFileType = wrapper.application; includeInIndex = 0; path = DiffableDataSource.app; sourceTree = BUILT_PRODUCTS_DIR; };
		D37987782F1F5CAB00DA4ACB /* DiffableDataSourceTests.xctest */ = {isa = PBXFileReference; explicitFileType = wrapper.cfbundle; includeInIndex = 0; path = DiffableDataSourceTests.xctest; sourceTree = BUILT_PRODUCTS_DIR; };
		D37987822F1F5CAB00DA4ACB /* DiffableDataSourceUITests.xctest */ = {isa = PBXFileReference; explicitFileType = wrapper.cfbundle; includeInIndex = 0; path = DiffableDataSourceUITests.xctest; sourceTree = BUILT_PRODUCTS_DIR; };
/* End PBXFileReference section */

/* Begin PBXFileSystemSynchronizedBuildFileExceptionSet section */
		D379878A2F1F5CAB00DA4ACB /* Exceptions for "DiffableDataSource" folder in "DiffableDataSource" target */ = {
			isa = PBXFileSystemSynchronizedBuildFileExceptionSet;
			membershipExceptions = (
				Info.plist,
			);
			target = D37987612F1F5CAA00DA4ACB /* DiffableDataSource */;
		};
/* End PBXFileSystemSynchronizedBuildFileExceptionSet section */

/* Begin PBXFileSystemSynchronizedRootGroup section */
		D37987642F1F5CAA00DA4ACB /* DiffableDataSource */ = {
			isa = PBXFileSystemSynchronizedRootGroup;
			exceptions = (
				D379878A2F1F5CAB00DA4ACB /* Exceptions for "DiffableDataSource" folder in "DiffableDataSource" target */,
			);
			path = DiffableDataSource;
			sourceTree = "<group>";
		};
		D379877B2F1F5CAB00DA4ACB /* DiffableDataSourceTests */ = {
			isa = PBXFileSystemSynchronizedRootGroup;
			path = DiffableDataSourceTests;
			sourceTree = "<group>";
		};
		D37987852F1F5CAB00DA4ACB /* DiffableDataSourceUITests */ = {
			isa = PBXFileSystemSynchronizedRootGroup;
			path = DiffableDataSourceUITests;
			sourceTree = "<group>";
		};
/* End PBXFileSystemSynchronizedRootGroup section */

/* Begin PBXFrameworksBuildPhase section */
		D379875F2F1F5CAA00DA4ACB /* Frameworks */ = {
			isa = PBXFrameworksBuildPhase;
			buildActionMask = 2147483647;
			files = (
			);
			runOnlyForDeploymentPostprocessing = 0;
		};
		D37987752F1F5CAB00DA4ACB /* Frameworks */ = {
			isa = PBXFrameworksBuildPhase;
			buildActionMask = 2147483647;
			files = (
			);
			runOnlyForDeploymentPostprocessing = 0;
		};
		D379877F2F1F5CAB00DA4ACB /* Frameworks */ = {
			isa = PBXFrameworksBuildPhase;
			buildActionMask = 2147483647;
			files = (
			);
			runOnlyForDeploymentPostprocessing = 0;
		};
/* End PBXFrameworksBuildPhase section */

/* Begin PBXGroup section */
		D37987592F1F5CAA00DA4ACB = {
			isa = PBXGroup;
			children = (
				D37987642F1F5CAA00DA4ACB /* DiffableDataSource */,
				D379877B2F1F5CAB00DA4ACB /* DiffableDataSourceTests */,
				D37987852F1F5CAB00DA4ACB /* DiffableDataSourceUITests */,
				D37987632F1F5CAA00DA4ACB /* Products */,
			);
			sourceTree = "<group>";
		};
		D37987632F1F5CAA00DA4ACB /* Products */ = {
			isa = PBXGroup;
			children = (
				D37987622F1F5CAA00DA4ACB /* DiffableDataSource.app */,
				D37987782F1F5CAB00DA4ACB /* DiffableDataSourceTests.xctest */,
				D37987822F1F5CAB00DA4ACB /* DiffableDataSourceUITests.xctest */,
			);
			name = Products;
			sourceTree = "<group>";
		};
/* End PBXGroup section */

/* Begin PBXNativeTarget section */
		D37987612F1F5CAA00DA4ACB /* DiffableDataSource */ = {
			isa = PBXNativeTarget;
			buildConfigurationList = D379878B2F1F5CAB00DA4ACB /* Build configuration list for PBXNativeTarget "DiffableDataSource" */;
			buildPhases = (
				D379875E2F1F5CAA00DA4ACB /* Sources */,
				D379875F2F1F5CAA00DA4ACB /* Frameworks */,
				D37987602F1F5CAA00DA4ACB /* Resources */,
			);
			buildRules = (
			);
			dependencies = (
			);
			fileSystemSynchronizedGroups = (
				D37987642F1F5CAA00DA4ACB /* DiffableDataSource */,
			);
			name = DiffableDataSource;
			packageProductDependencies = (
			);
			productName = DiffableDataSource;
			productReference = D37987622F1F5CAA00DA4ACB /* DiffableDataSource.app */;
			productType = "com.apple.product-type.application";
		};
		D37987772F1F5CAB00DA4ACB /* DiffableDataSourceTests */ = {
			isa = PBXNativeTarget;
			buildConfigurationList = D37987902F1F5CAB00DA4ACB /* Build configuration list for PBXNativeTarget "DiffableDataSourceTests" */;
			buildPhases = (
				D37987742F1F5CAB00DA4ACB /* Sources */,
				D37987752F1F5CAB00DA4ACB /* Frameworks */,
				D37987762F1F5CAB00DA4ACB /* Resources */,
			);
			buildRules = (
			);
			dependencies = (
				D379877A2F1F5CAB00DA4ACB /* PBXTargetDependency */,
			);
			fileSystemSynchronizedGroups = (
				D379877B2F1F5CAB00DA4ACB /* DiffableDataSourceTests */,
			);
			name = DiffableDataSourceTests;
			packageProductDependencies = (
			);
			productName = DiffableDataSourceTests;
			productReference = D37987782F1F5CAB00DA4ACB /* DiffableDataSourceTests.xctest */;
			productType = "com.apple.product-type.bundle.unit-test";
		};
		D37987812F1F5CAB00DA4ACB /* DiffableDataSourceUITests */ = {
			isa = PBXNativeTarget;
			buildConfigurationList = D37987932F1F5CAB00DA4ACB /* Build configuration list for PBXNativeTarget "DiffableDataSourceUITests" */;
			buildPhases = (
				D379877E2F1F5CAB00DA4ACB /* Sources */,
				D379877F2F1F5CAB00DA4ACB /* Frameworks */,
				D37987802F1F5CAB00DA4ACB /* Resources */,
			);
			buildRules = (
			);
			dependencies = (
				D37987842F1F5CAB00DA4ACB /* PBXTargetDependency */,
			);
			fileSystemSynchronizedGroups = (
				D37987852F1F5CAB00DA4ACB /* DiffableDataSourceUITests */,
			);
			name = DiffableDataSourceUITests;
			packageProductDependencies = (
			);
			productName = DiffableDataSourceUITests;
			productReference = D37987822F1F5CAB00DA4ACB /* DiffableDataSourceUITests.xctest */;
			productType = "com.apple.product-type.bundle.ui-testing";
		};
/* End PBXNativeTarget section */

/* Begin PBXProject section */
		D379875A2F1F5CAA00DA4ACB /* Project object */ = {
			isa = PBXProject;
			attributes = {
				BuildIndependentTargetsInParallel = 1;
				LastSwiftUpdateCheck = 1640;
				LastUpgradeCheck = 1640;
				TargetAttributes = {
					D37987612F1F5CAA00DA4ACB = {
						CreatedOnToolsVersion = 16.4;
					};
					D37987772F1F5CAB00DA4ACB = {
						CreatedOnToolsVersion = 16.4;
						TestTargetID = D37987612F1F5CAA00DA4ACB;
					};
					D37987812F1F5CAB00DA4ACB = {
						CreatedOnToolsVersion = 16.4;
						TestTargetID = D37987612F1F5CAA00DA4ACB;
					};
				};
			};
			buildConfigurationList = D379875D2F1F5CAA00DA4ACB /* Build configuration list for PBXProject "DiffableDataSource" */;
			developmentRegion = en;
			hasScannedForEncodings = 0;
			knownRegions = (
				en,
				Base,
			);
			mainGroup = D37987592F1F5CAA00DA4ACB;
			minimizedProjectReferenceProxies = 1;
			preferredProjectObjectVersion = 77;
			productRefGroup = D37987632F1F5CAA00DA4ACB /* Products */;
			projectDirPath = "";
			projectRoot = "";
			targets = (
				D37987612F1F5CAA00DA4ACB /* DiffableDataSource */,
				D37987772F1F5CAB00DA4ACB /* DiffableDataSourceTests */,
				D37987812F1F5CAB00DA4ACB /* DiffableDataSourceUITests */,
			);
		};
/* End PBXProject section */

/* Begin PBXResourcesBuildPhase section */
		D37987602F1F5CAA00DA4ACB /* Resources */ = {
			isa = PBXResourcesBuildPhase;
			buildActionMask = 2147483647;
			files = (
			);
			runOnlyForDeploymentPostprocessing = 0;
		};
		D37987762F1F5CAB00DA4ACB /* Resources */ = {
			isa = PBXResourcesBuildPhase;
			buildActionMask = 2147483647;
			files = (
			);
			runOnlyForDeploymentPostprocessing = 0;
		};
		D37987802F1F5CAB00DA4ACB /* Resources */ = {
			isa = PBXResourcesBuildPhase;
			buildActionMask = 2147483647;
			files = (
			);
			runOnlyForDeploymentPostprocessing = 0;
		};
/* End PBXResourcesBuildPhase section */

/* Begin PBXSourcesBuildPhase section */
		D379875E2F1F5CAA00DA4ACB /* Sources */ = {
			isa = PBXSourcesBuildPhase;
			buildActionMask = 2147483647;
			files = (
			);
			runOnlyForDeploymentPostprocessing = 0;
		};
		D37987742F1F5CAB00DA4ACB /* Sources */ = {
			isa = PBXSourcesBuildPhase;
			buildActionMask = 2147483647;
			files = (
			);
			runOnlyForDeploymentPostprocessing = 0;
		};
		D379877E2F1F5CAB00DA4ACB /* Sources */ = {
			isa = PBXSourcesBuildPhase;
			buildActionMask = 2147483647;
			files = (
			);
			runOnlyForDeploymentPostprocessing = 0;
		};
/* End PBXSourcesBuildPhase section */

/* Begin PBXTargetDependency section */
		D379877A2F1F5CAB00DA4ACB /* PBXTargetDependency */ = {
			isa = PBXTargetDependency;
			target = D37987612F1F5CAA00DA4ACB /* DiffableDataSource */;
			targetProxy = D37987792F1F5CAB00DA4ACB /* PBXContainerItemProxy */;
		};
		D37987842F1F5CAB00DA4ACB /* PBXTargetDependency */ = {
			isa = PBXTargetDependency;
			target = D37987612F1F5CAA00DA4ACB /* DiffableDataSource */;
			targetProxy = D37987832F1F5CAB00DA4ACB /* PBXContainerItemProxy */;
		};
/* End PBXTargetDependency section */

/* Begin XCBuildConfiguration section */
		D379878C2F1F5CAB00DA4ACB /* Debug */ = {
			isa = XCBuildConfiguration;
			buildSettings = {
				ASSETCATALOG_COMPILER_APPICON_NAME = AppIcon;
				ASSETCATALOG_COMPILER_GLOBAL_ACCENT_COLOR_NAME = AccentColor;
				CODE_SIGN_STYLE = Automatic;
				CURRENT_PROJECT_VERSION = 1;
				GENERATE_INFOPLIST_FILE = YES;
				INFOPLIST_FILE = DiffableDataSource/Info.plist;
				INFOPLIST_KEY_UIApplicationSupportsIndirectInputEvents = YES;
				INFOPLIST_KEY_UILaunchStoryboardName = LaunchScreen;
				INFOPLIST_KEY_UIMainStoryboardFile = Main;
				INFOPLIST_KEY_UISupportedInterfaceOrientations_iPad = "UIInterfaceOrientationPortrait UIInterfaceOrientationPortraitUpsideDown UIInterfaceOrientationLandscapeLeft UIInterfaceOrientationLandscapeRight";
				INFOPLIST_KEY_UISupportedInterfaceOrientations_iPhone = "UIInterfaceOrientationPortrait UIInterfaceOrientationLandscapeLeft UIInterfaceOrientationLandscapeRight";
				LD_RUNPATH_SEARCH_PATHS = (
					"$(inherited)",
					"@executable_path/Frameworks",
				);
				MARKETING_VERSION = 1.0;
				PRODUCT_BUNDLE_IDENTIFIER = STL.DiffableDataSource;
				PRODUCT_NAME = "$(TARGET_NAME)";
				SWIFT_EMIT_LOC_STRINGS = YES;
				SWIFT_VERSION = 5.0;
				TARGETED_DEVICE_FAMILY = "1,2";
			};
			name = Debug;
		};
		D379878D2F1F5CAB00DA4ACB /* Release */ = {
			isa = XCBuildConfiguration;
			buildSettings = {
				ASSETCATALOG_COMPILER_APPICON_NAME = AppIcon;
				ASSETCATALOG_COMPILER_GLOBAL_ACCENT_COLOR_NAME = AccentColor;
				CODE_SIGN_STYLE = Automatic;
				CURRENT_PROJECT_VERSION = 1;
				GENERATE_INFOPLIST_FILE = YES;
				INFOPLIST_FILE = DiffableDataSource/Info.plist;
				INFOPLIST_KEY_UIApplicationSupportsIndirectInputEvents = YES;
				INFOPLIST_KEY_UILaunchStoryboardName = LaunchScreen;
				INFOPLIST_KEY_UIMainStoryboardFile = Main;
				INFOPLIST_KEY_UISupportedInterfaceOrientations_iPad = "UIInterfaceOrientationPortrait UIInterfaceOrientationPortraitUpsideDown UIInterfaceOrientationLandscapeLeft UIInterfaceOrientationLandscapeRight";
				INFOPLIST_KEY_UISupportedInterfaceOrientations_iPhone = "UIInterfaceOrientationPortrait UIInterfaceOrientationLandscapeLeft UIInterfaceOrientationLandscapeRight";
				LD_RUNPATH_SEARCH_PATHS = (
					"$(inherited)",
					"@executable_path/Frameworks",
				);
				MARKETING_VERSION = 1.0;
				PRODUCT_BUNDLE_IDENTIFIER = STL.DiffableDataSource;
				PRODUCT_NAME = "$(TARGET_NAME)";
				SWIFT_EMIT_LOC_STRINGS = YES;
				SWIFT_VERSION = 5.0;
				TARGETED_DEVICE_FAMILY = "1,2";
			};
			name = Release;
		};
		D379878E2F1F5CAB00DA4ACB /* Debug */ = {
			isa = XCBuildConfiguration;
			buildSettings = {
				ALWAYS_SEARCH_USER_PATHS = NO;
				ASSETCATALOG_COMPILER_GENERATE_SWIFT_ASSET_SYMBOL_EXTENSIONS = YES;
				CLANG_ANALYZER_NONNULL = YES;
				CLANG_ANALYZER_NUMBER_OBJECT_CONVERSION = YES_AGGRESSIVE;
				CLANG_CXX_LANGUAGE_STANDARD = "gnu++20";
				CLANG_ENABLE_MODULES = YES;
				CLANG_ENABLE_OBJC_ARC = YES;
				CLANG_ENABLE_OBJC_WEAK = YES;
				CLANG_WARN_BLOCK_CAPTURE_AUTORELEASING = YES;
				CLANG_WARN_BOOL_CONVERSION = YES;
				CLANG_WARN_COMMA = YES;
				CLANG_WARN_CONSTANT_CONVERSION = YES;
				CLANG_WARN_DEPRECATED_OBJC_IMPLEMENTATIONS = YES;
				CLANG_WARN_DIRECT_OBJC_ISA_USAGE = YES_ERROR;
				CLANG_WARN_DOCUMENTATION_COMMENTS = YES;
				CLANG_WARN_EMPTY_BODY = YES;
				CLANG_WARN_ENUM_CONVERSION = YES;
				CLANG_WARN_INFINITE_RECURSION = YES;
				CLANG_WARN_INT_CONVERSION = YES;
				CLANG_WARN_NON_LITERAL_NULL_CONVERSION = YES;
				CLANG_WARN_OBJC_IMPLICIT_RETAIN_SELF = YES;
				CLANG_WARN_OBJC_LITERAL_CONVERSION = YES;
				CLANG_WARN_OBJC_ROOT_CLASS = YES_ERROR;
				CLANG_WARN_QUOTED_INCLUDE_IN_FRAMEWORK_HEADER = YES;
				CLANG_WARN_RANGE_LOOP_ANALYSIS = YES;
				CLANG_WARN_STRICT_PROTOTYPES = YES;
				CLANG_WARN_SUSPICIOUS_MOVE = YES;
				CLANG_WARN_UNGUARDED_AVAILABILITY = YES_AGGRESSIVE;
				CLANG_WARN_UNREACHABLE_CODE = YES;
				CLANG_WARN__DUPLICATE_METHOD_MATCH = YES;
				COPY_PHASE_STRIP = NO;
				DEBUG_INFORMATION_FORMAT = dwarf;
				ENABLE_STRICT_OBJC_MSGSEND = YES;
				ENABLE_TESTABILITY = YES;
				ENABLE_USER_SCRIPT_SANDBOXING = YES;
				GCC_C_LANGUAGE_STANDARD = gnu17;
				GCC_DYNAMIC_NO_PIC = NO;
				GCC_NO_COMMON_BLOCKS = YES;
				GCC_OPTIMIZATION_LEVEL = 0;
				GCC_PREPROCESSOR_DEFINITIONS = (
					"DEBUG=1",
					"$(inherited)",
				);
				GCC_WARN_64_TO_32_BIT_CONVERSION = YES;
				GCC_WARN_ABOUT_RETURN_TYPE = YES_ERROR;
				GCC_WARN_UNDECLARED_SELECTOR = YES;
				GCC_WARN_UNINITIALIZED_AUTOS = YES_AGGRESSIVE;
				GCC_WARN_UNUSED_FUNCTION = YES;
				GCC_WARN_UNUSED_VARIABLE = YES;
				IPHONEOS_DEPLOYMENT_TARGET = 18.5;
				LOCALIZATION_PREFERS_STRING_CATALOGS = YES;
				MTL_ENABLE_DEBUG_INFO = INCLUDE_SOURCE;
				MTL_FAST_MATH = YES;
				ONLY_ACTIVE_ARCH = YES;
				SDKROOT = iphoneos;
				SWIFT_ACTIVE_COMPILATION_CONDITIONS = "DEBUG $(inherited)";
				SWIFT_OPTIMIZATION_LEVEL = "-Onone";
			};
			name = Debug;
		};
		D379878F2F1F5CAB00DA4ACB /* Release */ = {
			isa = XCBuildConfiguration;
			buildSettings = {
				ALWAYS_SEARCH_USER_PATHS = NO;
				ASSETCATALOG_COMPILER_GENERATE_SWIFT_ASSET_SYMBOL_EXTENSIONS = YES;
				CLANG_ANALYZER_NONNULL = YES;
				CLANG_ANALYZER_NUMBER_OBJECT_CONVERSION = YES_AGGRESSIVE;
				CLANG_CXX_LANGUAGE_STANDARD = "gnu++20";
				CLANG_ENABLE_MODULES = YES;
				CLANG_ENABLE_OBJC_ARC = YES;
				CLANG_ENABLE_OBJC_WEAK = YES;
				CLANG_WARN_BLOCK_CAPTURE_AUTORELEASING = YES;
				CLANG_WARN_BOOL_CONVERSION = YES;
				CLANG_WARN_COMMA = YES;
				CLANG_WARN_CONSTANT_CONVERSION = YES;
				CLANG_WARN_DEPRECATED_OBJC_IMPLEMENTATIONS = YES;
				CLANG_WARN_DIRECT_OBJC_ISA_USAGE = YES_ERROR;
				CLANG_WARN_DOCUMENTATION_COMMENTS = YES;
				CLANG_WARN_EMPTY_BODY = YES;
				CLANG_WARN_ENUM_CONVERSION = YES;
				CLANG_WARN_INFINITE_RECURSION = YES;
				CLANG_WARN_INT_CONVERSION = YES;
				CLANG_WARN_NON_LITERAL_NULL_CONVERSION = YES;
				CLANG_WARN_OBJC_IMPLICIT_RETAIN_SELF = YES;
				CLANG_WARN_OBJC_LITERAL_CONVERSION = YES;
				CLANG_WARN_OBJC_ROOT_CLASS = YES_ERROR;
				CLANG_WARN_QUOTED_INCLUDE_IN_FRAMEWORK_HEADER = YES;
				CLANG_WARN_RANGE_LOOP_ANALYSIS = YES;
				CLANG_WARN_STRICT_PROTOTYPES = YES;
				CLANG_WARN_SUSPICIOUS_MOVE = YES;
				CLANG_WARN_UNGUARDED_AVAILABILITY = YES_AGGRESSIVE;
				CLANG_WARN_UNREACHABLE_CODE = YES;
				CLANG_WARN__DUPLICATE_METHOD_MATCH = YES;
				COPY_PHASE_STRIP = NO;
				DEBUG_INFORMATION_FORMAT = "dwarf-with-dsym";
				ENABLE_NS_ASSERTIONS = NO;
				ENABLE_STRICT_OBJC_MSGSEND = YES;
				ENABLE_USER_SCRIPT_SANDBOXING = YES;
				GCC_C_LANGUAGE_STANDARD = gnu17;
				GCC_NO_COMMON_BLOCKS = YES;
				GCC_WARN_64_TO_32_BIT_CONVERSION = YES;
				GCC_WARN_ABOUT_RETURN_TYPE = YES_ERROR;
				GCC_WARN_UNDECLARED_SELECTOR = YES;
				GCC_WARN_UNINITIALIZED_AUTOS = YES_AGGRESSIVE;
				GCC_WARN_UNUSED_FUNCTION = YES;
				GCC_WARN_UNUSED_VARIABLE = YES;
				IPHONEOS_DEPLOYMENT_TARGET = 18.5;
				LOCALIZATION_PREFERS_STRING_CATALOGS = YES;
				MTL_ENABLE_DEBUG_INFO = NO;
				MTL_FAST_MATH = YES;
				SDKROOT = iphoneos;
				SWIFT_COMPILATION_MODE = wholemodule;
				VALIDATE_PRODUCT = YES;
			};
			name = Release;
		};
		D37987912F1F5CAB00DA4ACB /* Debug */ = {
			isa = XCBuildConfiguration;
			buildSettings = {
				BUNDLE_LOADER = "$(TEST_HOST)";
				CODE_SIGN_STYLE = Automatic;
				CURRENT_PROJECT_VERSION = 1;
				GENERATE_INFOPLIST_FILE = YES;
				IPHONEOS_DEPLOYMENT_TARGET = 18.5;
				MARKETING_VERSION = 1.0;
				PRODUCT_BUNDLE_IDENTIFIER = STL.DiffableDataSourceTests;
				PRODUCT_NAME = "$(TARGET_NAME)";
				SWIFT_EMIT_LOC_STRINGS = NO;
				SWIFT_VERSION = 5.0;
				TARGETED_DEVICE_FAMILY = "1,2";
				TEST_HOST = "$(BUILT_PRODUCTS_DIR)/DiffableDataSource.app/$(BUNDLE_EXECUTABLE_FOLDER_PATH)/DiffableDataSource";
			};
			name = Debug;
		};
		D37987922F1F5CAB00DA4ACB /* Release */ = {
			isa = XCBuildConfiguration;
			buildSettings = {
				BUNDLE_LOADER = "$(TEST_HOST)";
				CODE_SIGN_STYLE = Automatic;
				CURRENT_PROJECT_VERSION = 1;
				GENERATE_INFOPLIST_FILE = YES;
				IPHONEOS_DEPLOYMENT_TARGET = 18.5;
				MARKETING_VERSION = 1.0;
				PRODUCT_BUNDLE_IDENTIFIER = STL.DiffableDataSourceTests;
				PRODUCT_NAME = "$(TARGET_NAME)";
				SWIFT_EMIT_LOC_STRINGS = NO;
				SWIFT_VERSION = 5.0;
				TARGETED_DEVICE_FAMILY = "1,2";
				TEST_HOST = "$(BUILT_PRODUCTS_DIR)/DiffableDataSource.app/$(BUNDLE_EXECUTABLE_FOLDER_PATH)/DiffableDataSource";
			};
			name = Release;
		};
		D37987942F1F5CAB00DA4ACB /* Debug */ = {
			isa = XCBuildConfiguration;
			buildSettings = {
				CODE_SIGN_STYLE = Automatic;
				CURRENT_PROJECT_VERSION = 1;
				GENERATE_INFOPLIST_FILE = YES;
				MARKETING_VERSION = 1.0;
				PRODUCT_BUNDLE_IDENTIFIER = STL.DiffableDataSourceUITests;
				PRODUCT_NAME = "$(TARGET_NAME)";
				SWIFT_EMIT_LOC_STRINGS = NO;
				SWIFT_VERSION = 5.0;
				TARGETED_DEVICE_FAMILY = "1,2";
				TEST_TARGET_NAME = DiffableDataSource;
			};
			name = Debug;
		};
		D37987952F1F5CAB00DA4ACB /* Release */ = {
			isa = XCBuildConfiguration;
			buildSettings = {
				CODE_SIGN_STYLE = Automatic;
				CURRENT_PROJECT_VERSION = 1;
				GENERATE_INFOPLIST_FILE = YES;
				MARKETING_VERSION = 1.0;
				PRODUCT_BUNDLE_IDENTIFIER = STL.DiffableDataSourceUITests;
				PRODUCT_NAME = "$(TARGET_NAME)";
				SWIFT_EMIT_LOC_STRINGS = NO;
				SWIFT_VERSION = 5.0;
				TARGETED_DEVICE_FAMILY = "1,2";
				TEST_TARGET_NAME = DiffableDataSource;
			};
			name = Release;
		};
/* End XCBuildConfiguration section */

/* Begin XCConfigurationList section */
		D379875D2F1F5CAA00DA4ACB /* Build configuration list for PBXProject "DiffableDataSource" */ = {
			isa = XCConfigurationList;
			buildConfigurations = (
				D379878E2F1F5CAB00DA4ACB /* Debug */,
				D379878F2F1F5CAB00DA4ACB /* Release */,
			);
			defaultConfigurationIsVisible = 0;
			defaultConfigurationName = Release;
		};
		D379878B2F1F5CAB00DA4ACB /* Build configuration list for PBXNativeTarget "DiffableDataSource" */ = {
			isa = XCConfigurationList;
			buildConfigurations = (
				D379878C2F1F5CAB00DA4ACB /* Debug */,
				D379878D2F1F5CAB00DA4ACB /* Release */,
			);
			defaultConfigurationIsVisible = 0;
			defaultConfigurationName = Release;
		};
		D37987902F1F5CAB00DA4ACB /* Build configuration list for PBXNativeTarget "DiffableDataSourceTests" */ = {
			isa = XCConfigurationList;
			buildConfigurations = (
				D37987912F1F5CAB00DA4ACB /* Debug */,
				D37987922F1F5CAB00DA4ACB /* Release */,
			);
			defaultConfigurationIsVisible = 0;
			defaultConfigurationName = Release;
		};
		D37987932F1F5CAB00DA4ACB /* Build configuration list for PBXNativeTarget "DiffableDataSourceUITests" */ = {
			isa = XCConfigurationList;
			buildConfigurations = (
				D37987942F1F5CAB00DA4ACB /* Debug */,
				D37987952F1F5CAB00DA4ACB /* Release */,
			);
			defaultConfigurationIsVisible = 0;
			defaultConfigurationName = Release;
		};
/* End XCConfigurationList section */
	};
	rootObject = D379875A2F1F5CAA00DA4ACB /* Project object */;
}
